
Microsoft Visual Studio Solution File, Format Version 12.00
# Visual Studio Version 16
VisualStudioVersion = 16.0.30523.141
MinimumVisualStudioVersion = 10.0.40219.1
Project("{FAE04EC0-301F-11D3-BF4B-00C04F79EFBC}") = "Pool3.4", "Pool3.4.csproj", "{11DBDB05-4D04-46E8-9E28-488E5B3DA1FD}"
EndProject
Global
	GlobalSection(SolutionConfigurationPlatforms) = preSolution
		Debug|Any CPU = Debug|Any CPU
		Release|Any CPU = Release|Any CPU
	EndGlobalSection
	GlobalSection(ProjectConfigurationPlatforms) = postSolution
		{11DBDB05-4D04-46E8-9E28-488E5B3DA1FD}.Debug|Any CPU.ActiveCfg = Debug|Any CPU
		{11DBDB05-4D04-46E8-9E28-488E5B3DA1FD}.Debug|Any CPU.Build.0 = Debug|Any CPU
		{11DBDB05-4D04-46E8-9E28-488E5B3DA1FD}.Release|Any CPU.ActiveCfg = Release|Any CPU
		{11DBDB05-4D04-46E8-9E28-488E5B3DA1FD}.Release|Any CPU.Build.0 = Release|Any CPU
	EndGlobalSection
	GlobalSection(SolutionProperties) = preSolution
		HideSolutionNode = FALSE
	EndGlobalSection
	GlobalSection(ExtensibilityGlobals) = postSolution
		SolutionGuid = {0BA3F95A-75CE-4235-BBD8-BBF2DF9132F0}
	EndGlobalSection
EndGlobal
